
Microsoft Visual Studio Solution File, Format Version 12.00
# Visual Studio Version 17
VisualStudioVersion = 17.4.33205.214
MinimumVisualStudioVersion = 10.0.40219.1
Project("{9A19103F-16F7-4668-BE54-9A1E7A4F7556}") = "E01.Messaging", "E01.Messaging\E01.Messaging.csproj", "{D6B2950D-8F18-473A-814B-3DC465D12C01}"
EndProject
Project("{9A19103F-16F7-4668-BE54-9A1E7A4F7556}") = "E02.CarRace", "E02.CarRace\E02.CarRace.csproj", "{801005B4-016E-4ED8-8029-2B31AD42E820}"
EndProject
Project("{FAE04EC0-301F-11D3-BF4B-00C04F79EFBC}") = "E03.TakeSkipRope", "E03.TakeSkipRope\E03.TakeSkipRope.csproj", "{777FA623-7FA3-4052-9026-73DC61FD0F63}"
EndProject
Global
	GlobalSection(SolutionConfigurationPlatforms) = preSolution
		Debug|Any CPU = Debug|Any CPU
		Release|Any CPU = Release|Any CPU
	EndGlobalSection
	GlobalSection(ProjectConfigurationPlatforms) = postSolution
		{D6B2950D-8F18-473A-814B-3DC465D12C01}.Debug|Any CPU.ActiveCfg = Debug|Any CPU
		{D6B2950D-8F18-473A-814B-3DC465D12C01}.Debug|Any CPU.Build.0 = Debug|Any CPU
		{D6B2950D-8F18-473A-814B-3DC465D12C01}.Release|Any CPU.ActiveCfg = Release|Any CPU
		{D6B2950D-8F18-473A-814B-3DC465D12C01}.Release|Any CPU.Build.0 = Release|Any CPU
		{801005B4-016E-4ED8-8029-2B31AD42E820}.Debug|Any CPU.ActiveCfg = Debug|Any CPU
		{801005B4-016E-4ED8-8029-2B31AD42E820}.Debug|Any CPU.Build.0 = Debug|Any CPU
		{801005B4-016E-4ED8-8029-2B31AD42E820}.Release|Any CPU.ActiveCfg = Release|Any CPU
		{801005B4-016E-4ED8-8029-2B31AD42E820}.Release|Any CPU.Build.0 = Release|Any CPU
		{777FA623-7FA3-4052-9026-73DC61FD0F63}.Debug|Any CPU.ActiveCfg = Debug|Any CPU
		{777FA623-7FA3-4052-9026-73DC61FD0F63}.Debug|Any CPU.Build.0 = Debug|Any CPU
		{777FA623-7FA3-4052-9026-73DC61FD0F63}.Release|Any CPU.ActiveCfg = Release|Any CPU
		{777FA623-7FA3-4052-9026-73DC61FD0F63}.Release|Any CPU.Build.0 = Release|Any CPU
	EndGlobalSection
	GlobalSection(SolutionProperties) = preSolution
		HideSolutionNode = FALSE
	EndGlobalSection
	GlobalSection(ExtensibilityGlobals) = postSolution
		SolutionGuid = {5ECDCFAE-4A94-47A0-8D0B-AA64ED2F4A09}
	EndGlobalSection
EndGlobal
