
Microsoft Visual Studio Solution File, Format Version 12.00
# Visual Studio Version 17
VisualStudioVersion = 17.4.33103.184
MinimumVisualStudioVersion = 10.0.40219.1
Project("{9A19103F-16F7-4668-BE54-9A1E7A4F7556}") = "01.Furniture", "01.Furniture\01.Furniture.csproj", "{793BDB8D-7FAD-4786-A150-BE3432FDC27B}"
EndProject
Project("{9A19103F-16F7-4668-BE54-9A1E7A4F7556}") = "02.Race", "02.Race\02.Race.csproj", "{45FE1536-82A7-48D1-B7CC-96E8EBE32997}"
EndProject
Project("{FAE04EC0-301F-11D3-BF4B-00C04F79EFBC}") = "03.SoftUniBarIncome", "03.SoftUniBarIncome\03.SoftUniBarIncome.csproj", "{79D6F23F-DFE6-49E1-9A36-BA0398D0FB16}"
EndProject
Global
	GlobalSection(SolutionConfigurationPlatforms) = preSolution
		Debug|Any CPU = Debug|Any CPU
		Release|Any CPU = Release|Any CPU
	EndGlobalSection
	GlobalSection(ProjectConfigurationPlatforms) = postSolution
		{793BDB8D-7FAD-4786-A150-BE3432FDC27B}.Debug|Any CPU.ActiveCfg = Debug|Any CPU
		{793BDB8D-7FAD-4786-A150-BE3432FDC27B}.Debug|Any CPU.Build.0 = Debug|Any CPU
		{793BDB8D-7FAD-4786-A150-BE3432FDC27B}.Release|Any CPU.ActiveCfg = Release|Any CPU
		{793BDB8D-7FAD-4786-A150-BE3432FDC27B}.Release|Any CPU.Build.0 = Release|Any CPU
		{45FE1536-82A7-48D1-B7CC-96E8EBE32997}.Debug|Any CPU.ActiveCfg = Debug|Any CPU
		{45FE1536-82A7-48D1-B7CC-96E8EBE32997}.Debug|Any CPU.Build.0 = Debug|Any CPU
		{45FE1536-82A7-48D1-B7CC-96E8EBE32997}.Release|Any CPU.ActiveCfg = Release|Any CPU
		{45FE1536-82A7-48D1-B7CC-96E8EBE32997}.Release|Any CPU.Build.0 = Release|Any CPU
		{79D6F23F-DFE6-49E1-9A36-BA0398D0FB16}.Debug|Any CPU.ActiveCfg = Debug|Any CPU
		{79D6F23F-DFE6-49E1-9A36-BA0398D0FB16}.Debug|Any CPU.Build.0 = Debug|Any CPU
		{79D6F23F-DFE6-49E1-9A36-BA0398D0FB16}.Release|Any CPU.ActiveCfg = Release|Any CPU
		{79D6F23F-DFE6-49E1-9A36-BA0398D0FB16}.Release|Any CPU.Build.0 = Release|Any CPU
	EndGlobalSection
	GlobalSection(SolutionProperties) = preSolution
		HideSolutionNode = FALSE
	EndGlobalSection
	GlobalSection(ExtensibilityGlobals) = postSolution
		SolutionGuid = {4C71FFEA-7B50-4072-8CA9-D2BC2735D2BB}
	EndGlobalSection
EndGlobal
