
Microsoft Visual Studio Solution File, Format Version 12.00
# Visual Studio Version 17
VisualStudioVersion = 17.1.32210.238
MinimumVisualStudioVersion = 10.0.40219.1
Project("{9A19103F-16F7-4668-BE54-9A1E7A4F7556}") = "OldBooks", "OldBooks\OldBooks.csproj", "{9DE2BCF6-97C4-4CBE-8A48-B9C36722C54D}"
EndProject
Project("{9A19103F-16F7-4668-BE54-9A1E7A4F7556}") = "ExamPreparation", "ExamPreparation\ExamPreparation.csproj", "{0FEB7C0F-952C-4098-9AFA-131D4122F4E0}"
EndProject
Project("{9A19103F-16F7-4668-BE54-9A1E7A4F7556}") = "Vacation", "Vacation\Vacation.csproj", "{FF95293B-E879-4B44-99C0-B855A97403B8}"
EndProject
Project("{9A19103F-16F7-4668-BE54-9A1E7A4F7556}") = "Walking", "Walking\Walking.csproj", "{548EDF0B-4DF8-4D59-AAEF-C9F4324AAB32}"
EndProject
Project("{9A19103F-16F7-4668-BE54-9A1E7A4F7556}") = "Coins", "Coins\Coins.csproj", "{7698BF33-5095-48B3-9F7C-176D9F2D67AF}"
EndProject
Project("{FAE04EC0-301F-11D3-BF4B-00C04F79EFBC}") = "Cake", "Cake\Cake.csproj", "{80507B98-9702-476C-BCC3-5951D47006BB}"
EndProject
Project("{FAE04EC0-301F-11D3-BF4B-00C04F79EFBC}") = "Moving", "Moving\Moving.csproj", "{7569337F-9B45-4FF4-B094-5F4E84DEE10E}"
EndProject
Global
	GlobalSection(SolutionConfigurationPlatforms) = preSolution
		Debug|Any CPU = Debug|Any CPU
		Release|Any CPU = Release|Any CPU
	EndGlobalSection
	GlobalSection(ProjectConfigurationPlatforms) = postSolution
		{9DE2BCF6-97C4-4CBE-8A48-B9C36722C54D}.Debug|Any CPU.ActiveCfg = Debug|Any CPU
		{9DE2BCF6-97C4-4CBE-8A48-B9C36722C54D}.Debug|Any CPU.Build.0 = Debug|Any CPU
		{9DE2BCF6-97C4-4CBE-8A48-B9C36722C54D}.Release|Any CPU.ActiveCfg = Release|Any CPU
		{9DE2BCF6-97C4-4CBE-8A48-B9C36722C54D}.Release|Any CPU.Build.0 = Release|Any CPU
		{0FEB7C0F-952C-4098-9AFA-131D4122F4E0}.Debug|Any CPU.ActiveCfg = Debug|Any CPU
		{0FEB7C0F-952C-4098-9AFA-131D4122F4E0}.Debug|Any CPU.Build.0 = Debug|Any CPU
		{0FEB7C0F-952C-4098-9AFA-131D4122F4E0}.Release|Any CPU.ActiveCfg = Release|Any CPU
		{0FEB7C0F-952C-4098-9AFA-131D4122F4E0}.Release|Any CPU.Build.0 = Release|Any CPU
		{FF95293B-E879-4B44-99C0-B855A97403B8}.Debug|Any CPU.ActiveCfg = Debug|Any CPU
		{FF95293B-E879-4B44-99C0-B855A97403B8}.Debug|Any CPU.Build.0 = Debug|Any CPU
		{FF95293B-E879-4B44-99C0-B855A97403B8}.Release|Any CPU.ActiveCfg = Release|Any CPU
		{FF95293B-E879-4B44-99C0-B855A97403B8}.Release|Any CPU.Build.0 = Release|Any CPU
		{548EDF0B-4DF8-4D59-AAEF-C9F4324AAB32}.Debug|Any CPU.ActiveCfg = Debug|Any CPU
		{548EDF0B-4DF8-4D59-AAEF-C9F4324AAB32}.Debug|Any CPU.Build.0 = Debug|Any CPU
		{548EDF0B-4DF8-4D59-AAEF-C9F4324AAB32}.Release|Any CPU.ActiveCfg = Release|Any CPU
		{548EDF0B-4DF8-4D59-AAEF-C9F4324AAB32}.Release|Any CPU.Build.0 = Release|Any CPU
		{7698BF33-5095-48B3-9F7C-176D9F2D67AF}.Debug|Any CPU.ActiveCfg = Debug|Any CPU
		{7698BF33-5095-48B3-9F7C-176D9F2D67AF}.Debug|Any CPU.Build.0 = Debug|Any CPU
		{7698BF33-5095-48B3-9F7C-176D9F2D67AF}.Release|Any CPU.ActiveCfg = Release|Any CPU
		{7698BF33-5095-48B3-9F7C-176D9F2D67AF}.Release|Any CPU.Build.0 = Release|Any CPU
		{80507B98-9702-476C-BCC3-5951D47006BB}.Debug|Any CPU.ActiveCfg = Debug|Any CPU
		{80507B98-9702-476C-BCC3-5951D47006BB}.Debug|Any CPU.Build.0 = Debug|Any CPU
		{80507B98-9702-476C-BCC3-5951D47006BB}.Release|Any CPU.ActiveCfg = Release|Any CPU
		{80507B98-9702-476C-BCC3-5951D47006BB}.Release|Any CPU.Build.0 = Release|Any CPU
		{7569337F-9B45-4FF4-B094-5F4E84DEE10E}.Debug|Any CPU.ActiveCfg = Debug|Any CPU
		{7569337F-9B45-4FF4-B094-5F4E84DEE10E}.Debug|Any CPU.Build.0 = Debug|Any CPU
		{7569337F-9B45-4FF4-B094-5F4E84DEE10E}.Release|Any CPU.ActiveCfg = Release|Any CPU
		{7569337F-9B45-4FF4-B094-5F4E84DEE10E}.Release|Any CPU.Build.0 = Release|Any CPU
	EndGlobalSection
	GlobalSection(SolutionProperties) = preSolution
		HideSolutionNode = FALSE
	EndGlobalSection
	GlobalSection(ExtensibilityGlobals) = postSolution
		SolutionGuid = {65BA63CE-1CA4-4519-82ED-C441CD58F7EA}
	EndGlobalSection
EndGlobal
