
Microsoft Visual Studio Solution File, Format Version 12.00
# Visual Studio Version 17
VisualStudioVersion = 17.5.33414.496
MinimumVisualStudioVersion = 10.0.40219.1
Project("{FAE04EC0-301F-11D3-BF4B-00C04F79EFBC}") = "E01.ClassBoxData", "E01.ClassBoxData\E01.ClassBoxData.csproj", "{EBE18143-C1F1-4FE5-9A45-AF5FC2AE9232}"
EndProject
Project("{FAE04EC0-301F-11D3-BF4B-00C04F79EFBC}") = "E02.AnimalFarm", "E02.AnimalFarm\E02.AnimalFarm.csproj", "{FA53EB8E-E370-482C-895C-008E98797497}"
EndProject
Project("{FAE04EC0-301F-11D3-BF4B-00C04F79EFBC}") = "E03.ShoppingSpree", "E03.ShoppingSpree\E03.ShoppingSpree.csproj", "{77B58C42-EB66-4073-81A4-A95F850E5552}"
EndProject
Global
	GlobalSection(SolutionConfigurationPlatforms) = preSolution
		Debug|Any CPU = Debug|Any CPU
		Release|Any CPU = Release|Any CPU
	EndGlobalSection
	GlobalSection(ProjectConfigurationPlatforms) = postSolution
		{EBE18143-C1F1-4FE5-9A45-AF5FC2AE9232}.Debug|Any CPU.ActiveCfg = Debug|Any CPU
		{EBE18143-C1F1-4FE5-9A45-AF5FC2AE9232}.Debug|Any CPU.Build.0 = Debug|Any CPU
		{EBE18143-C1F1-4FE5-9A45-AF5FC2AE9232}.Release|Any CPU.ActiveCfg = Release|Any CPU
		{EBE18143-C1F1-4FE5-9A45-AF5FC2AE9232}.Release|Any CPU.Build.0 = Release|Any CPU
		{FA53EB8E-E370-482C-895C-008E98797497}.Debug|Any CPU.ActiveCfg = Debug|Any CPU
		{FA53EB8E-E370-482C-895C-008E98797497}.Debug|Any CPU.Build.0 = Debug|Any CPU
		{FA53EB8E-E370-482C-895C-008E98797497}.Release|Any CPU.ActiveCfg = Release|Any CPU
		{FA53EB8E-E370-482C-895C-008E98797497}.Release|Any CPU.Build.0 = Release|Any CPU
		{77B58C42-EB66-4073-81A4-A95F850E5552}.Debug|Any CPU.ActiveCfg = Debug|Any CPU
		{77B58C42-EB66-4073-81A4-A95F850E5552}.Debug|Any CPU.Build.0 = Debug|Any CPU
		{77B58C42-EB66-4073-81A4-A95F850E5552}.Release|Any CPU.ActiveCfg = Release|Any CPU
		{77B58C42-EB66-4073-81A4-A95F850E5552}.Release|Any CPU.Build.0 = Release|Any CPU
	EndGlobalSection
	GlobalSection(SolutionProperties) = preSolution
		HideSolutionNode = FALSE
	EndGlobalSection
	GlobalSection(ExtensibilityGlobals) = postSolution
		SolutionGuid = {70DC9963-7223-4C08-85EC-FDAD7E871CE2}
	EndGlobalSection
EndGlobal
