
Microsoft Visual Studio Solution File, Format Version 12.00
# Visual Studio Version 17
VisualStudioVersion = 17.1.32210.238
MinimumVisualStudioVersion = 10.0.40219.1
Project("{9A19103F-16F7-4668-BE54-9A1E7A4F7556}") = "BackToThePast", "BackToThePast\BackToThePast.csproj", "{D729946C-8550-4A6F-8F30-E890B0F4D58C}"
EndProject
Project("{9A19103F-16F7-4668-BE54-9A1E7A4F7556}") = "Hospital", "Hospital\Hospital.csproj", "{A89924F0-3DA2-4E4F-893D-6011F92A9890}"
EndProject
Project("{9A19103F-16F7-4668-BE54-9A1E7A4F7556}") = "Logistics", "Logistics\Logistics.csproj", "{219CA892-8BD9-48D4-AF3A-5E4A2EDDC783}"
EndProject
Project("{9A19103F-16F7-4668-BE54-9A1E7A4F7556}") = "Grades", "Grades\Grades.csproj", "{ECE8E0E5-1ECC-42ED-8EFC-CC8F1EF7B827}"
EndProject
Project("{9A19103F-16F7-4668-BE54-9A1E7A4F7556}") = "GameOfIntervals", "GameOfIntervals\GameOfIntervals.csproj", "{D3C93622-8090-472C-AC3E-BCDBF5C7DCA1}"
EndProject
Project("{9A19103F-16F7-4668-BE54-9A1E7A4F7556}") = "Bills", "Bills\Bills.csproj", "{730956EE-4F83-4496-BC0F-AABA6BC235D3}"
EndProject
Project("{9A19103F-16F7-4668-BE54-9A1E7A4F7556}") = "FootballLeague", "FootballLeague\FootballLeague.csproj", "{AB647E3C-99E6-4ADA-8C49-CA63191DF7DF}"
EndProject
Project("{9A19103F-16F7-4668-BE54-9A1E7A4F7556}") = "EqualPairs", "EqualPairs\EqualPairs.csproj", "{7CD81CAD-CB99-4D50-A360-1BEEB9677DD4}"
EndProject
Project("{FAE04EC0-301F-11D3-BF4B-00C04F79EFBC}") = "Clock", "Clock\Clock.csproj", "{A6AF096B-5254-47A4-BA9A-87499CE5CC6A}"
EndProject
Project("{FAE04EC0-301F-11D3-BF4B-00C04F79EFBC}") = "Clock2", "Clock2\Clock2.csproj", "{7DC2B445-BFCF-4579-A2EA-B3894A96D286}"
EndProject
Global
	GlobalSection(SolutionConfigurationPlatforms) = preSolution
		Debug|Any CPU = Debug|Any CPU
		Release|Any CPU = Release|Any CPU
	EndGlobalSection
	GlobalSection(ProjectConfigurationPlatforms) = postSolution
		{D729946C-8550-4A6F-8F30-E890B0F4D58C}.Debug|Any CPU.ActiveCfg = Debug|Any CPU
		{D729946C-8550-4A6F-8F30-E890B0F4D58C}.Debug|Any CPU.Build.0 = Debug|Any CPU
		{D729946C-8550-4A6F-8F30-E890B0F4D58C}.Release|Any CPU.ActiveCfg = Release|Any CPU
		{D729946C-8550-4A6F-8F30-E890B0F4D58C}.Release|Any CPU.Build.0 = Release|Any CPU
		{A89924F0-3DA2-4E4F-893D-6011F92A9890}.Debug|Any CPU.ActiveCfg = Debug|Any CPU
		{A89924F0-3DA2-4E4F-893D-6011F92A9890}.Debug|Any CPU.Build.0 = Debug|Any CPU
		{A89924F0-3DA2-4E4F-893D-6011F92A9890}.Release|Any CPU.ActiveCfg = Release|Any CPU
		{A89924F0-3DA2-4E4F-893D-6011F92A9890}.Release|Any CPU.Build.0 = Release|Any CPU
		{219CA892-8BD9-48D4-AF3A-5E4A2EDDC783}.Debug|Any CPU.ActiveCfg = Debug|Any CPU
		{219CA892-8BD9-48D4-AF3A-5E4A2EDDC783}.Debug|Any CPU.Build.0 = Debug|Any CPU
		{219CA892-8BD9-48D4-AF3A-5E4A2EDDC783}.Release|Any CPU.ActiveCfg = Release|Any CPU
		{219CA892-8BD9-48D4-AF3A-5E4A2EDDC783}.Release|Any CPU.Build.0 = Release|Any CPU
		{ECE8E0E5-1ECC-42ED-8EFC-CC8F1EF7B827}.Debug|Any CPU.ActiveCfg = Debug|Any CPU
		{ECE8E0E5-1ECC-42ED-8EFC-CC8F1EF7B827}.Debug|Any CPU.Build.0 = Debug|Any CPU
		{ECE8E0E5-1ECC-42ED-8EFC-CC8F1EF7B827}.Release|Any CPU.ActiveCfg = Release|Any CPU
		{ECE8E0E5-1ECC-42ED-8EFC-CC8F1EF7B827}.Release|Any CPU.Build.0 = Release|Any CPU
		{D3C93622-8090-472C-AC3E-BCDBF5C7DCA1}.Debug|Any CPU.ActiveCfg = Debug|Any CPU
		{D3C93622-8090-472C-AC3E-BCDBF5C7DCA1}.Debug|Any CPU.Build.0 = Debug|Any CPU
		{D3C93622-8090-472C-AC3E-BCDBF5C7DCA1}.Release|Any CPU.ActiveCfg = Release|Any CPU
		{D3C93622-8090-472C-AC3E-BCDBF5C7DCA1}.Release|Any CPU.Build.0 = Release|Any CPU
		{730956EE-4F83-4496-BC0F-AABA6BC235D3}.Debug|Any CPU.ActiveCfg = Debug|Any CPU
		{730956EE-4F83-4496-BC0F-AABA6BC235D3}.Debug|Any CPU.Build.0 = Debug|Any CPU
		{730956EE-4F83-4496-BC0F-AABA6BC235D3}.Release|Any CPU.ActiveCfg = Release|Any CPU
		{730956EE-4F83-4496-BC0F-AABA6BC235D3}.Release|Any CPU.Build.0 = Release|Any CPU
		{AB647E3C-99E6-4ADA-8C49-CA63191DF7DF}.Debug|Any CPU.ActiveCfg = Debug|Any CPU
		{AB647E3C-99E6-4ADA-8C49-CA63191DF7DF}.Debug|Any CPU.Build.0 = Debug|Any CPU
		{AB647E3C-99E6-4ADA-8C49-CA63191DF7DF}.Release|Any CPU.ActiveCfg = Release|Any CPU
		{AB647E3C-99E6-4ADA-8C49-CA63191DF7DF}.Release|Any CPU.Build.0 = Release|Any CPU
		{7CD81CAD-CB99-4D50-A360-1BEEB9677DD4}.Debug|Any CPU.ActiveCfg = Debug|Any CPU
		{7CD81CAD-CB99-4D50-A360-1BEEB9677DD4}.Debug|Any CPU.Build.0 = Debug|Any CPU
		{7CD81CAD-CB99-4D50-A360-1BEEB9677DD4}.Release|Any CPU.ActiveCfg = Release|Any CPU
		{7CD81CAD-CB99-4D50-A360-1BEEB9677DD4}.Release|Any CPU.Build.0 = Release|Any CPU
		{A6AF096B-5254-47A4-BA9A-87499CE5CC6A}.Debug|Any CPU.ActiveCfg = Debug|Any CPU
		{A6AF096B-5254-47A4-BA9A-87499CE5CC6A}.Debug|Any CPU.Build.0 = Debug|Any CPU
		{A6AF096B-5254-47A4-BA9A-87499CE5CC6A}.Release|Any CPU.ActiveCfg = Release|Any CPU
		{A6AF096B-5254-47A4-BA9A-87499CE5CC6A}.Release|Any CPU.Build.0 = Release|Any CPU
		{7DC2B445-BFCF-4579-A2EA-B3894A96D286}.Debug|Any CPU.ActiveCfg = Debug|Any CPU
		{7DC2B445-BFCF-4579-A2EA-B3894A96D286}.Debug|Any CPU.Build.0 = Debug|Any CPU
		{7DC2B445-BFCF-4579-A2EA-B3894A96D286}.Release|Any CPU.ActiveCfg = Release|Any CPU
		{7DC2B445-BFCF-4579-A2EA-B3894A96D286}.Release|Any CPU.Build.0 = Release|Any CPU
	EndGlobalSection
	GlobalSection(SolutionProperties) = preSolution
		HideSolutionNode = FALSE
	EndGlobalSection
	GlobalSection(ExtensibilityGlobals) = postSolution
		SolutionGuid = {27398CE5-BC9C-4728-8AD9-D458138878DA}
	EndGlobalSection
EndGlobal
