
Microsoft Visual Studio Solution File, Format Version 12.00
# Visual Studio Version 17
VisualStudioVersion = 17.3.32922.545
MinimumVisualStudioVersion = 10.0.40219.1
Project("{9A19103F-16F7-4668-BE54-9A1E7A4F7556}") = "01.Train", "01.Train\01.Train.csproj", "{CF297113-25D4-4AC4-B68D-0BC3E91AFCAE}"
EndProject
Project("{9A19103F-16F7-4668-BE54-9A1E7A4F7556}") = "02.ChangeList", "02.ChangeList\02.ChangeList.csproj", "{C9176F75-4EC9-4BE6-A2BC-CFEE60E5DC58}"
EndProject
Project("{9A19103F-16F7-4668-BE54-9A1E7A4F7556}") = "03.HouseParty", "03.HouseParty\03.HouseParty.csproj", "{3B6D7667-ED4E-4967-8480-87138F02C1CA}"
EndProject
Project("{9A19103F-16F7-4668-BE54-9A1E7A4F7556}") = "04.ListOperations", "04.ListOperations\04.ListOperations.csproj", "{CD4478BA-72D7-4A9F-9201-B910569108A7}"
EndProject
Project("{9A19103F-16F7-4668-BE54-9A1E7A4F7556}") = "05.BombNumbers", "05.BombNumbers\05.BombNumbers.csproj", "{D403454B-EEA7-4307-8A77-F987E1227398}"
EndProject
Project("{9A19103F-16F7-4668-BE54-9A1E7A4F7556}") = "06.CardsGame", "06.CardsGame\06.CardsGame.csproj", "{B5219ED1-4C9D-4703-B0C9-C6D87A970571}"
EndProject
Project("{9A19103F-16F7-4668-BE54-9A1E7A4F7556}") = "07.AppendArrays", "07.AppendArrays\07.AppendArrays.csproj", "{120EE527-8F17-45B8-B653-C25DA78E78A3}"
EndProject
Project("{9A19103F-16F7-4668-BE54-9A1E7A4F7556}") = "08.AnonymousThreat", "08.AnonymousThreat\08.AnonymousThreat.csproj", "{E1E122C4-35EB-4CE9-AB0F-DEF01B9F4A47}"
EndProject
Project("{FAE04EC0-301F-11D3-BF4B-00C04F79EFBC}") = "09.PokemonDontGo", "09.PokemonDontGo\09.PokemonDontGo.csproj", "{FF352217-A81B-4E2E-950C-98BBBC6B19DC}"
EndProject
Project("{FAE04EC0-301F-11D3-BF4B-00C04F79EFBC}") = "10.SoftUniCoursePlanning", "10.SoftUniCoursePlanning\10.SoftUniCoursePlanning.csproj", "{569ABC5C-D0D3-4027-BA64-8F7698603055}"
EndProject
Global
	GlobalSection(SolutionConfigurationPlatforms) = preSolution
		Debug|Any CPU = Debug|Any CPU
		Release|Any CPU = Release|Any CPU
	EndGlobalSection
	GlobalSection(ProjectConfigurationPlatforms) = postSolution
		{CF297113-25D4-4AC4-B68D-0BC3E91AFCAE}.Debug|Any CPU.ActiveCfg = Debug|Any CPU
		{CF297113-25D4-4AC4-B68D-0BC3E91AFCAE}.Debug|Any CPU.Build.0 = Debug|Any CPU
		{CF297113-25D4-4AC4-B68D-0BC3E91AFCAE}.Release|Any CPU.ActiveCfg = Release|Any CPU
		{CF297113-25D4-4AC4-B68D-0BC3E91AFCAE}.Release|Any CPU.Build.0 = Release|Any CPU
		{C9176F75-4EC9-4BE6-A2BC-CFEE60E5DC58}.Debug|Any CPU.ActiveCfg = Debug|Any CPU
		{C9176F75-4EC9-4BE6-A2BC-CFEE60E5DC58}.Debug|Any CPU.Build.0 = Debug|Any CPU
		{C9176F75-4EC9-4BE6-A2BC-CFEE60E5DC58}.Release|Any CPU.ActiveCfg = Release|Any CPU
		{C9176F75-4EC9-4BE6-A2BC-CFEE60E5DC58}.Release|Any CPU.Build.0 = Release|Any CPU
		{3B6D7667-ED4E-4967-8480-87138F02C1CA}.Debug|Any CPU.ActiveCfg = Debug|Any CPU
		{3B6D7667-ED4E-4967-8480-87138F02C1CA}.Debug|Any CPU.Build.0 = Debug|Any CPU
		{3B6D7667-ED4E-4967-8480-87138F02C1CA}.Release|Any CPU.ActiveCfg = Release|Any CPU
		{3B6D7667-ED4E-4967-8480-87138F02C1CA}.Release|Any CPU.Build.0 = Release|Any CPU
		{CD4478BA-72D7-4A9F-9201-B910569108A7}.Debug|Any CPU.ActiveCfg = Debug|Any CPU
		{CD4478BA-72D7-4A9F-9201-B910569108A7}.Debug|Any CPU.Build.0 = Debug|Any CPU
		{CD4478BA-72D7-4A9F-9201-B910569108A7}.Release|Any CPU.ActiveCfg = Release|Any CPU
		{CD4478BA-72D7-4A9F-9201-B910569108A7}.Release|Any CPU.Build.0 = Release|Any CPU
		{D403454B-EEA7-4307-8A77-F987E1227398}.Debug|Any CPU.ActiveCfg = Debug|Any CPU
		{D403454B-EEA7-4307-8A77-F987E1227398}.Debug|Any CPU.Build.0 = Debug|Any CPU
		{D403454B-EEA7-4307-8A77-F987E1227398}.Release|Any CPU.ActiveCfg = Release|Any CPU
		{D403454B-EEA7-4307-8A77-F987E1227398}.Release|Any CPU.Build.0 = Release|Any CPU
		{B5219ED1-4C9D-4703-B0C9-C6D87A970571}.Debug|Any CPU.ActiveCfg = Debug|Any CPU
		{B5219ED1-4C9D-4703-B0C9-C6D87A970571}.Debug|Any CPU.Build.0 = Debug|Any CPU
		{B5219ED1-4C9D-4703-B0C9-C6D87A970571}.Release|Any CPU.ActiveCfg = Release|Any CPU
		{B5219ED1-4C9D-4703-B0C9-C6D87A970571}.Release|Any CPU.Build.0 = Release|Any CPU
		{120EE527-8F17-45B8-B653-C25DA78E78A3}.Debug|Any CPU.ActiveCfg = Debug|Any CPU
		{120EE527-8F17-45B8-B653-C25DA78E78A3}.Debug|Any CPU.Build.0 = Debug|Any CPU
		{120EE527-8F17-45B8-B653-C25DA78E78A3}.Release|Any CPU.ActiveCfg = Release|Any CPU
		{120EE527-8F17-45B8-B653-C25DA78E78A3}.Release|Any CPU.Build.0 = Release|Any CPU
		{E1E122C4-35EB-4CE9-AB0F-DEF01B9F4A47}.Debug|Any CPU.ActiveCfg = Debug|Any CPU
		{E1E122C4-35EB-4CE9-AB0F-DEF01B9F4A47}.Debug|Any CPU.Build.0 = Debug|Any CPU
		{E1E122C4-35EB-4CE9-AB0F-DEF01B9F4A47}.Release|Any CPU.ActiveCfg = Release|Any CPU
		{E1E122C4-35EB-4CE9-AB0F-DEF01B9F4A47}.Release|Any CPU.Build.0 = Release|Any CPU
		{FF352217-A81B-4E2E-950C-98BBBC6B19DC}.Debug|Any CPU.ActiveCfg = Debug|Any CPU
		{FF352217-A81B-4E2E-950C-98BBBC6B19DC}.Debug|Any CPU.Build.0 = Debug|Any CPU
		{FF352217-A81B-4E2E-950C-98BBBC6B19DC}.Release|Any CPU.ActiveCfg = Release|Any CPU
		{FF352217-A81B-4E2E-950C-98BBBC6B19DC}.Release|Any CPU.Build.0 = Release|Any CPU
		{569ABC5C-D0D3-4027-BA64-8F7698603055}.Debug|Any CPU.ActiveCfg = Debug|Any CPU
		{569ABC5C-D0D3-4027-BA64-8F7698603055}.Debug|Any CPU.Build.0 = Debug|Any CPU
		{569ABC5C-D0D3-4027-BA64-8F7698603055}.Release|Any CPU.ActiveCfg = Release|Any CPU
		{569ABC5C-D0D3-4027-BA64-8F7698603055}.Release|Any CPU.Build.0 = Release|Any CPU
	EndGlobalSection
	GlobalSection(SolutionProperties) = preSolution
		HideSolutionNode = FALSE
	EndGlobalSection
	GlobalSection(ExtensibilityGlobals) = postSolution
		SolutionGuid = {CA87D418-CEFB-43A5-ABBA-ACA14F60690C}
	EndGlobalSection
EndGlobal
