
Microsoft Visual Studio Solution File, Format Version 12.00
# Visual Studio Version 17
VisualStudioVersion = 17.7.34202.233
MinimumVisualStudioVersion = 10.0.40219.1
Project("{9A19103F-16F7-4668-BE54-9A1E7A4F7556}") = "Ex01.VillainNames", "Ex01.VillainNames\Ex01.VillainNames.csproj", "{6FB5F04A-BA17-48C9-A424-00B1281992EA}"
EndProject
Project("{9A19103F-16F7-4668-BE54-9A1E7A4F7556}") = "Ex03.MinionNames", "Ex03.MinionNames\Ex03.MinionNames.csproj", "{4041DDA6-B0A2-4E70-A282-00D448D3C84F}"
EndProject
Project("{FAE04EC0-301F-11D3-BF4B-00C04F79EFBC}") = "Ex04.AddMinion", "Ex04.AddMinion\Ex04.AddMinion.csproj", "{DA60B824-0786-476F-8B96-FF436BE5DACF}"
EndProject
Global
	GlobalSection(SolutionConfigurationPlatforms) = preSolution
		Debug|Any CPU = Debug|Any CPU
		Release|Any CPU = Release|Any CPU
	EndGlobalSection
	GlobalSection(ProjectConfigurationPlatforms) = postSolution
		{6FB5F04A-BA17-48C9-A424-00B1281992EA}.Debug|Any CPU.ActiveCfg = Debug|Any CPU
		{6FB5F04A-BA17-48C9-A424-00B1281992EA}.Debug|Any CPU.Build.0 = Debug|Any CPU
		{6FB5F04A-BA17-48C9-A424-00B1281992EA}.Release|Any CPU.ActiveCfg = Release|Any CPU
		{6FB5F04A-BA17-48C9-A424-00B1281992EA}.Release|Any CPU.Build.0 = Release|Any CPU
		{4041DDA6-B0A2-4E70-A282-00D448D3C84F}.Debug|Any CPU.ActiveCfg = Debug|Any CPU
		{4041DDA6-B0A2-4E70-A282-00D448D3C84F}.Debug|Any CPU.Build.0 = Debug|Any CPU
		{4041DDA6-B0A2-4E70-A282-00D448D3C84F}.Release|Any CPU.ActiveCfg = Release|Any CPU
		{4041DDA6-B0A2-4E70-A282-00D448D3C84F}.Release|Any CPU.Build.0 = Release|Any CPU
		{DA60B824-0786-476F-8B96-FF436BE5DACF}.Debug|Any CPU.ActiveCfg = Debug|Any CPU
		{DA60B824-0786-476F-8B96-FF436BE5DACF}.Debug|Any CPU.Build.0 = Debug|Any CPU
		{DA60B824-0786-476F-8B96-FF436BE5DACF}.Release|Any CPU.ActiveCfg = Release|Any CPU
		{DA60B824-0786-476F-8B96-FF436BE5DACF}.Release|Any CPU.Build.0 = Release|Any CPU
	EndGlobalSection
	GlobalSection(SolutionProperties) = preSolution
		HideSolutionNode = FALSE
	EndGlobalSection
	GlobalSection(ExtensibilityGlobals) = postSolution
		SolutionGuid = {EC3875DE-7AFD-4583-9C06-511FB896564B}
	EndGlobalSection
EndGlobal
