
Microsoft Visual Studio Solution File, Format Version 12.00
# Visual Studio Version 17
VisualStudioVersion = 17.4.33103.184
MinimumVisualStudioVersion = 10.0.40219.1
Project("{9A19103F-16F7-4668-BE54-9A1E7A4F7556}") = "01.ValidUsernames", "01.ValidUsernames\01.ValidUsernames.csproj", "{F7C59D1B-AE87-417D-80B1-1EABF1739F76}"
EndProject
Project("{9A19103F-16F7-4668-BE54-9A1E7A4F7556}") = "02.CharacterMultiplier", "..\..\..\..\..\..\Desktop\02.CharacterMultiplier\02.CharacterMultiplier.csproj", "{51F8F8F7-688B-4565-8770-109A4B89A93A}"
EndProject
Project("{9A19103F-16F7-4668-BE54-9A1E7A4F7556}") = "03.ExtractFile", "..\..\..\..\..\..\Desktop\03.ExtractFile\03.ExtractFile.csproj", "{2C07282E-2D80-46D3-88C9-C041FF59170C}"
EndProject
Project("{9A19103F-16F7-4668-BE54-9A1E7A4F7556}") = "04.CaesarCipher", "..\..\..\..\..\..\Desktop\04.CaesarCipher\04.CaesarCipher.csproj", "{D66B7EA9-C154-4F65-9D33-A6A7BD75062C}"
EndProject
Project("{9A19103F-16F7-4668-BE54-9A1E7A4F7556}") = "05.MultiplyBigNumber", "..\..\..\..\..\..\Desktop\05.MultiplyBigNumber\05.MultiplyBigNumber.csproj", "{7739B9AF-CFD4-4371-8412-411275E0AAC2}"
EndProject
Project("{9A19103F-16F7-4668-BE54-9A1E7A4F7556}") = "06.ReplaceRepeatingChars", "..\..\..\..\..\..\Desktop\06.ReplaceRepeatingChars\06.ReplaceRepeatingChars.csproj", "{C6969401-1709-4336-AD9F-D86DDEEE6DC5}"
EndProject
Project("{FAE04EC0-301F-11D3-BF4B-00C04F79EFBC}") = "07.StringExplosion", "..\..\..\..\..\..\Desktop\07.StringExplosion\07.StringExplosion.csproj", "{00DED70C-0340-4C04-BEA2-126885261478}"
EndProject
Project("{FAE04EC0-301F-11D3-BF4B-00C04F79EFBC}") = "08.LettersChangeNumber", "..\..\..\..\..\..\Desktop\08.LettersChangeNumber\08.LettersChangeNumber.csproj", "{656B26BB-E4B8-49ED-AA06-0BE063325405}"
EndProject
Global
	GlobalSection(SolutionConfigurationPlatforms) = preSolution
		Debug|Any CPU = Debug|Any CPU
		Release|Any CPU = Release|Any CPU
	EndGlobalSection
	GlobalSection(ProjectConfigurationPlatforms) = postSolution
		{F7C59D1B-AE87-417D-80B1-1EABF1739F76}.Debug|Any CPU.ActiveCfg = Debug|Any CPU
		{F7C59D1B-AE87-417D-80B1-1EABF1739F76}.Debug|Any CPU.Build.0 = Debug|Any CPU
		{F7C59D1B-AE87-417D-80B1-1EABF1739F76}.Release|Any CPU.ActiveCfg = Release|Any CPU
		{F7C59D1B-AE87-417D-80B1-1EABF1739F76}.Release|Any CPU.Build.0 = Release|Any CPU
		{51F8F8F7-688B-4565-8770-109A4B89A93A}.Debug|Any CPU.ActiveCfg = Debug|Any CPU
		{51F8F8F7-688B-4565-8770-109A4B89A93A}.Debug|Any CPU.Build.0 = Debug|Any CPU
		{51F8F8F7-688B-4565-8770-109A4B89A93A}.Release|Any CPU.ActiveCfg = Release|Any CPU
		{51F8F8F7-688B-4565-8770-109A4B89A93A}.Release|Any CPU.Build.0 = Release|Any CPU
		{2C07282E-2D80-46D3-88C9-C041FF59170C}.Debug|Any CPU.ActiveCfg = Debug|Any CPU
		{2C07282E-2D80-46D3-88C9-C041FF59170C}.Debug|Any CPU.Build.0 = Debug|Any CPU
		{2C07282E-2D80-46D3-88C9-C041FF59170C}.Release|Any CPU.ActiveCfg = Release|Any CPU
		{2C07282E-2D80-46D3-88C9-C041FF59170C}.Release|Any CPU.Build.0 = Release|Any CPU
		{D66B7EA9-C154-4F65-9D33-A6A7BD75062C}.Debug|Any CPU.ActiveCfg = Debug|Any CPU
		{D66B7EA9-C154-4F65-9D33-A6A7BD75062C}.Debug|Any CPU.Build.0 = Debug|Any CPU
		{D66B7EA9-C154-4F65-9D33-A6A7BD75062C}.Release|Any CPU.ActiveCfg = Release|Any CPU
		{D66B7EA9-C154-4F65-9D33-A6A7BD75062C}.Release|Any CPU.Build.0 = Release|Any CPU
		{7739B9AF-CFD4-4371-8412-411275E0AAC2}.Debug|Any CPU.ActiveCfg = Debug|Any CPU
		{7739B9AF-CFD4-4371-8412-411275E0AAC2}.Debug|Any CPU.Build.0 = Debug|Any CPU
		{7739B9AF-CFD4-4371-8412-411275E0AAC2}.Release|Any CPU.ActiveCfg = Release|Any CPU
		{7739B9AF-CFD4-4371-8412-411275E0AAC2}.Release|Any CPU.Build.0 = Release|Any CPU
		{C6969401-1709-4336-AD9F-D86DDEEE6DC5}.Debug|Any CPU.ActiveCfg = Debug|Any CPU
		{C6969401-1709-4336-AD9F-D86DDEEE6DC5}.Debug|Any CPU.Build.0 = Debug|Any CPU
		{C6969401-1709-4336-AD9F-D86DDEEE6DC5}.Release|Any CPU.ActiveCfg = Release|Any CPU
		{C6969401-1709-4336-AD9F-D86DDEEE6DC5}.Release|Any CPU.Build.0 = Release|Any CPU
		{00DED70C-0340-4C04-BEA2-126885261478}.Debug|Any CPU.ActiveCfg = Debug|Any CPU
		{00DED70C-0340-4C04-BEA2-126885261478}.Debug|Any CPU.Build.0 = Debug|Any CPU
		{00DED70C-0340-4C04-BEA2-126885261478}.Release|Any CPU.ActiveCfg = Release|Any CPU
		{00DED70C-0340-4C04-BEA2-126885261478}.Release|Any CPU.Build.0 = Release|Any CPU
		{656B26BB-E4B8-49ED-AA06-0BE063325405}.Debug|Any CPU.ActiveCfg = Debug|Any CPU
		{656B26BB-E4B8-49ED-AA06-0BE063325405}.Debug|Any CPU.Build.0 = Debug|Any CPU
		{656B26BB-E4B8-49ED-AA06-0BE063325405}.Release|Any CPU.ActiveCfg = Release|Any CPU
		{656B26BB-E4B8-49ED-AA06-0BE063325405}.Release|Any CPU.Build.0 = Release|Any CPU
	EndGlobalSection
	GlobalSection(SolutionProperties) = preSolution
		HideSolutionNode = FALSE
	EndGlobalSection
	GlobalSection(ExtensibilityGlobals) = postSolution
		SolutionGuid = {6C7A27DC-3AF3-4523-B795-2E17E59EBEB2}
	EndGlobalSection
EndGlobal
