
Microsoft Visual Studio Solution File, Format Version 12.00
# Visual Studio Version 17
VisualStudioVersion = 17.5.33414.496
MinimumVisualStudioVersion = 10.0.40219.1
Project("{FAE04EC0-301F-11D3-BF4B-00C04F79EFBC}") = "E01.SingleInheritance", "E01.SingleInheritance\E01.SingleInheritance.csproj", "{8F915E59-0799-4D84-9D49-89F91F50937B}"
EndProject
Project("{FAE04EC0-301F-11D3-BF4B-00C04F79EFBC}") = "E02.MultipleInheritance", "E02.MultipleInheritance\E02.MultipleInheritance.csproj", "{FC6E9D21-546F-4DA1-AE89-D3130D20DEE2}"
EndProject
Project("{FAE04EC0-301F-11D3-BF4B-00C04F79EFBC}") = "E03.HierarchicalInheritance", "E03.HierarchicalInheritance\E03.HierarchicalInheritance.csproj", "{252E4B56-F9A6-46D3-BD3B-E7C55A0B6F45}"
EndProject
Global
	GlobalSection(SolutionConfigurationPlatforms) = preSolution
		Debug|Any CPU = Debug|Any CPU
		Release|Any CPU = Release|Any CPU
	EndGlobalSection
	GlobalSection(ProjectConfigurationPlatforms) = postSolution
		{8F915E59-0799-4D84-9D49-89F91F50937B}.Debug|Any CPU.ActiveCfg = Debug|Any CPU
		{8F915E59-0799-4D84-9D49-89F91F50937B}.Debug|Any CPU.Build.0 = Debug|Any CPU
		{8F915E59-0799-4D84-9D49-89F91F50937B}.Release|Any CPU.ActiveCfg = Release|Any CPU
		{8F915E59-0799-4D84-9D49-89F91F50937B}.Release|Any CPU.Build.0 = Release|Any CPU
		{FC6E9D21-546F-4DA1-AE89-D3130D20DEE2}.Debug|Any CPU.ActiveCfg = Debug|Any CPU
		{FC6E9D21-546F-4DA1-AE89-D3130D20DEE2}.Debug|Any CPU.Build.0 = Debug|Any CPU
		{FC6E9D21-546F-4DA1-AE89-D3130D20DEE2}.Release|Any CPU.ActiveCfg = Release|Any CPU
		{FC6E9D21-546F-4DA1-AE89-D3130D20DEE2}.Release|Any CPU.Build.0 = Release|Any CPU
		{252E4B56-F9A6-46D3-BD3B-E7C55A0B6F45}.Debug|Any CPU.ActiveCfg = Debug|Any CPU
		{252E4B56-F9A6-46D3-BD3B-E7C55A0B6F45}.Debug|Any CPU.Build.0 = Debug|Any CPU
		{252E4B56-F9A6-46D3-BD3B-E7C55A0B6F45}.Release|Any CPU.ActiveCfg = Release|Any CPU
		{252E4B56-F9A6-46D3-BD3B-E7C55A0B6F45}.Release|Any CPU.Build.0 = Release|Any CPU
	EndGlobalSection
	GlobalSection(SolutionProperties) = preSolution
		HideSolutionNode = FALSE
	EndGlobalSection
	GlobalSection(ExtensibilityGlobals) = postSolution
		SolutionGuid = {5E429F1B-13B7-4560-8A5C-34C57A2216AA}
	EndGlobalSection
EndGlobal
