
Microsoft Visual Studio Solution File, Format Version 12.00
# Visual Studio Version 17
VisualStudioVersion = 17.4.33213.308
MinimumVisualStudioVersion = 10.0.40219.1
Project("{FAE04EC0-301F-11D3-BF4B-00C04F79EFBC}") = "E01.SortEvenNumbers", "E01.SortEvenNumbers\E01.SortEvenNumbers.csproj", "{14C961B6-C3F7-4787-8895-8C7A0AF1565A}"
EndProject
Project("{FAE04EC0-301F-11D3-BF4B-00C04F79EFBC}") = "E02.CountUppercaseWords", "E02.CountUppercaseWords\E02.CountUppercaseWords.csproj", "{873CD06E-F191-4EB5-8711-6272BE793BF7}"
EndProject
Project("{FAE04EC0-301F-11D3-BF4B-00C04F79EFBC}") = "E03.AddVAT", "E03.AddVAT\E03.AddVAT.csproj", "{D343E2CB-8DCB-4733-9EC4-E51ECF7DCE39}"
EndProject
Project("{FAE04EC0-301F-11D3-BF4B-00C04F79EFBC}") = "E04.FilterByAge", "E04.FilterByAge\E04.FilterByAge.csproj", "{6AE8FA46-7350-4B5F-AFEF-4DA38971E08D}"
EndProject
Global
	GlobalSection(SolutionConfigurationPlatforms) = preSolution
		Debug|Any CPU = Debug|Any CPU
		Release|Any CPU = Release|Any CPU
	EndGlobalSection
	GlobalSection(ProjectConfigurationPlatforms) = postSolution
		{14C961B6-C3F7-4787-8895-8C7A0AF1565A}.Debug|Any CPU.ActiveCfg = Debug|Any CPU
		{14C961B6-C3F7-4787-8895-8C7A0AF1565A}.Debug|Any CPU.Build.0 = Debug|Any CPU
		{14C961B6-C3F7-4787-8895-8C7A0AF1565A}.Release|Any CPU.ActiveCfg = Release|Any CPU
		{14C961B6-C3F7-4787-8895-8C7A0AF1565A}.Release|Any CPU.Build.0 = Release|Any CPU
		{873CD06E-F191-4EB5-8711-6272BE793BF7}.Debug|Any CPU.ActiveCfg = Debug|Any CPU
		{873CD06E-F191-4EB5-8711-6272BE793BF7}.Debug|Any CPU.Build.0 = Debug|Any CPU
		{873CD06E-F191-4EB5-8711-6272BE793BF7}.Release|Any CPU.ActiveCfg = Release|Any CPU
		{873CD06E-F191-4EB5-8711-6272BE793BF7}.Release|Any CPU.Build.0 = Release|Any CPU
		{D343E2CB-8DCB-4733-9EC4-E51ECF7DCE39}.Debug|Any CPU.ActiveCfg = Debug|Any CPU
		{D343E2CB-8DCB-4733-9EC4-E51ECF7DCE39}.Debug|Any CPU.Build.0 = Debug|Any CPU
		{D343E2CB-8DCB-4733-9EC4-E51ECF7DCE39}.Release|Any CPU.ActiveCfg = Release|Any CPU
		{D343E2CB-8DCB-4733-9EC4-E51ECF7DCE39}.Release|Any CPU.Build.0 = Release|Any CPU
		{6AE8FA46-7350-4B5F-AFEF-4DA38971E08D}.Debug|Any CPU.ActiveCfg = Debug|Any CPU
		{6AE8FA46-7350-4B5F-AFEF-4DA38971E08D}.Debug|Any CPU.Build.0 = Debug|Any CPU
		{6AE8FA46-7350-4B5F-AFEF-4DA38971E08D}.Release|Any CPU.ActiveCfg = Release|Any CPU
		{6AE8FA46-7350-4B5F-AFEF-4DA38971E08D}.Release|Any CPU.Build.0 = Release|Any CPU
	EndGlobalSection
	GlobalSection(SolutionProperties) = preSolution
		HideSolutionNode = FALSE
	EndGlobalSection
	GlobalSection(ExtensibilityGlobals) = postSolution
		SolutionGuid = {ABAC1188-FDA9-4D53-96F7-6C849D637668}
	EndGlobalSection
EndGlobal
