
Microsoft Visual Studio Solution File, Format Version 12.00
# Visual Studio Version 17
VisualStudioVersion = 17.3.32901.215
MinimumVisualStudioVersion = 10.0.40219.1
Project("{9A19103F-16F7-4668-BE54-9A1E7A4F7556}") = "1.DataTypeFinder", "1.DataTypeFinder\1.DataTypeFinder.csproj", "{8C535D86-8ADF-484C-AC29-A81ABEF71DA9}"
EndProject
Project("{9A19103F-16F7-4668-BE54-9A1E7A4F7556}") = "2.FromLeftToTheRight", "2.FromLeftToTheRight\2.FromLeftToTheRight.csproj", "{EDF31697-3E8E-40B7-9AD6-446563A4D562}"
EndProject
Project("{FAE04EC0-301F-11D3-BF4B-00C04F79EFBC}") = "3.FloatingEquality", "3.FloatingEquality\3.FloatingEquality.csproj", "{33DE5A97-ED88-44BA-B9E2-9FCE9B0710E3}"
EndProject
Global
	GlobalSection(SolutionConfigurationPlatforms) = preSolution
		Debug|Any CPU = Debug|Any CPU
		Release|Any CPU = Release|Any CPU
	EndGlobalSection
	GlobalSection(ProjectConfigurationPlatforms) = postSolution
		{8C535D86-8ADF-484C-AC29-A81ABEF71DA9}.Debug|Any CPU.ActiveCfg = Debug|Any CPU
		{8C535D86-8ADF-484C-AC29-A81ABEF71DA9}.Debug|Any CPU.Build.0 = Debug|Any CPU
		{8C535D86-8ADF-484C-AC29-A81ABEF71DA9}.Release|Any CPU.ActiveCfg = Release|Any CPU
		{8C535D86-8ADF-484C-AC29-A81ABEF71DA9}.Release|Any CPU.Build.0 = Release|Any CPU
		{EDF31697-3E8E-40B7-9AD6-446563A4D562}.Debug|Any CPU.ActiveCfg = Debug|Any CPU
		{EDF31697-3E8E-40B7-9AD6-446563A4D562}.Debug|Any CPU.Build.0 = Debug|Any CPU
		{EDF31697-3E8E-40B7-9AD6-446563A4D562}.Release|Any CPU.ActiveCfg = Release|Any CPU
		{EDF31697-3E8E-40B7-9AD6-446563A4D562}.Release|Any CPU.Build.0 = Release|Any CPU
		{33DE5A97-ED88-44BA-B9E2-9FCE9B0710E3}.Debug|Any CPU.ActiveCfg = Debug|Any CPU
		{33DE5A97-ED88-44BA-B9E2-9FCE9B0710E3}.Debug|Any CPU.Build.0 = Debug|Any CPU
		{33DE5A97-ED88-44BA-B9E2-9FCE9B0710E3}.Release|Any CPU.ActiveCfg = Release|Any CPU
		{33DE5A97-ED88-44BA-B9E2-9FCE9B0710E3}.Release|Any CPU.Build.0 = Release|Any CPU
	EndGlobalSection
	GlobalSection(SolutionProperties) = preSolution
		HideSolutionNode = FALSE
	EndGlobalSection
	GlobalSection(ExtensibilityGlobals) = postSolution
		SolutionGuid = {FEBAEB7B-A876-401A-837D-C18E67D0BA88}
	EndGlobalSection
EndGlobal
