
Microsoft Visual Studio Solution File, Format Version 12.00
# Visual Studio Version 17
VisualStudioVersion = 17.3.32819.101
MinimumVisualStudioVersion = 10.0.40219.1
Project("{FAE04EC0-301F-11D3-BF4B-00C04F79EFBC}") = "1.Ages", "ConsoleApp1\1.Ages.csproj", "{8D4954E6-5720-4328-AE76-164359909045}"
EndProject
Project("{FAE04EC0-301F-11D3-BF4B-00C04F79EFBC}") = "2.Division", "2.Division\2.Division.csproj", "{FB9CEFBC-FFD8-446E-A2BA-35F1880E7F65}"
EndProject
Project("{FAE04EC0-301F-11D3-BF4B-00C04F79EFBC}") = "3.Vacation", "3.Vacation\3.Vacation.csproj", "{4B8CCB9C-7A80-47EB-8C80-77440FBA42AE}"
EndProject
Project("{FAE04EC0-301F-11D3-BF4B-00C04F79EFBC}") = "4.PrintAndSum", "4.PrintAndSum\4.PrintAndSum.csproj", "{F65A205E-F29F-457A-81F3-1E2645B839F1}"
EndProject
Global
	GlobalSection(SolutionConfigurationPlatforms) = preSolution
		Debug|Any CPU = Debug|Any CPU
		Release|Any CPU = Release|Any CPU
	EndGlobalSection
	GlobalSection(ProjectConfigurationPlatforms) = postSolution
		{8D4954E6-5720-4328-AE76-164359909045}.Debug|Any CPU.ActiveCfg = Debug|Any CPU
		{8D4954E6-5720-4328-AE76-164359909045}.Debug|Any CPU.Build.0 = Debug|Any CPU
		{8D4954E6-5720-4328-AE76-164359909045}.Release|Any CPU.ActiveCfg = Release|Any CPU
		{8D4954E6-5720-4328-AE76-164359909045}.Release|Any CPU.Build.0 = Release|Any CPU
		{FB9CEFBC-FFD8-446E-A2BA-35F1880E7F65}.Debug|Any CPU.ActiveCfg = Debug|Any CPU
		{FB9CEFBC-FFD8-446E-A2BA-35F1880E7F65}.Debug|Any CPU.Build.0 = Debug|Any CPU
		{FB9CEFBC-FFD8-446E-A2BA-35F1880E7F65}.Release|Any CPU.ActiveCfg = Release|Any CPU
		{FB9CEFBC-FFD8-446E-A2BA-35F1880E7F65}.Release|Any CPU.Build.0 = Release|Any CPU
		{4B8CCB9C-7A80-47EB-8C80-77440FBA42AE}.Debug|Any CPU.ActiveCfg = Debug|Any CPU
		{4B8CCB9C-7A80-47EB-8C80-77440FBA42AE}.Debug|Any CPU.Build.0 = Debug|Any CPU
		{4B8CCB9C-7A80-47EB-8C80-77440FBA42AE}.Release|Any CPU.ActiveCfg = Release|Any CPU
		{4B8CCB9C-7A80-47EB-8C80-77440FBA42AE}.Release|Any CPU.Build.0 = Release|Any CPU
		{F65A205E-F29F-457A-81F3-1E2645B839F1}.Debug|Any CPU.ActiveCfg = Debug|Any CPU
		{F65A205E-F29F-457A-81F3-1E2645B839F1}.Debug|Any CPU.Build.0 = Debug|Any CPU
		{F65A205E-F29F-457A-81F3-1E2645B839F1}.Release|Any CPU.ActiveCfg = Release|Any CPU
		{F65A205E-F29F-457A-81F3-1E2645B839F1}.Release|Any CPU.Build.0 = Release|Any CPU
	EndGlobalSection
	GlobalSection(SolutionProperties) = preSolution
		HideSolutionNode = FALSE
	EndGlobalSection
	GlobalSection(ExtensibilityGlobals) = postSolution
		SolutionGuid = {1F7A3E8C-380F-4C2A-BB60-0486BDEAB027}
	EndGlobalSection
EndGlobal
