
Microsoft Visual Studio Solution File, Format Version 12.00
# Visual Studio Version 17
VisualStudioVersion = 17.4.33213.308
MinimumVisualStudioVersion = 10.0.40219.1
Project("{9A19103F-16F7-4668-BE54-9A1E7A4F7556}") = "E01.DefineAClassPerson", "E01.DefineAClassPerson\E01.DefineAClassPerson.csproj", "{27309C0F-2EB9-4374-A4A5-BF62D27E2C3E}"
EndProject
Project("{9A19103F-16F7-4668-BE54-9A1E7A4F7556}") = "E02.CreatingConstructors", "E02.CreatingConstructors\E02.CreatingConstructors.csproj", "{1B332259-A68D-4EA8-BFE2-254BD1E21FCF}"
EndProject
Project("{9A19103F-16F7-4668-BE54-9A1E7A4F7556}") = "E03.OldestFamilyMember", "E03.OldestFamilyMember\E03.OldestFamilyMember.csproj", "{5C013049-3935-4D34-BD74-75D2D7FADF86}"
EndProject
Project("{9A19103F-16F7-4668-BE54-9A1E7A4F7556}") = "E04.OpinionPoll", "E04.OpinionPoll\E04.OpinionPoll.csproj", "{CFA6A67A-05F0-4D99-A9AA-A7ABB711D883}"
EndProject
Project("{9A19103F-16F7-4668-BE54-9A1E7A4F7556}") = "E05.DateModifier", "E05.DateModifier\E05.DateModifier.csproj", "{0B50DB44-63C6-46E9-95A5-7C3FBD99747B}"
EndProject
Project("{9A19103F-16F7-4668-BE54-9A1E7A4F7556}") = "E06.SpeedRacing", "E06.SpeedRacing\E06.SpeedRacing.csproj", "{C5EA9144-3943-44E0-B30F-E73DBD97735C}"
EndProject
Project("{9A19103F-16F7-4668-BE54-9A1E7A4F7556}") = "E07.RawData", "E07.RawData\E07.RawData.csproj", "{5BC7382E-D921-4A9F-A825-0257BCCA1A60}"
EndProject
Project("{FAE04EC0-301F-11D3-BF4B-00C04F79EFBC}") = "E08.CarSalesman", "E08.CarSalesman\E08.CarSalesman.csproj", "{6B8808EF-3FB1-40C5-BF5B-4247602CAFEF}"
EndProject
Project("{FAE04EC0-301F-11D3-BF4B-00C04F79EFBC}") = "E08.Pokemon", "E08.Pokemon\E08.Pokemon.csproj", "{EBAA0359-7687-4C90-BB3F-357B41123A97}"
EndProject
Project("{FAE04EC0-301F-11D3-BF4B-00C04F79EFBC}") = "E10.SoftUniParking", "E10.SoftUniParking\E10.SoftUniParking.csproj", "{93CBAADE-B2B4-4EF0-A264-94E55D68E023}"
EndProject
Global
	GlobalSection(SolutionConfigurationPlatforms) = preSolution
		Debug|Any CPU = Debug|Any CPU
		Release|Any CPU = Release|Any CPU
	EndGlobalSection
	GlobalSection(ProjectConfigurationPlatforms) = postSolution
		{27309C0F-2EB9-4374-A4A5-BF62D27E2C3E}.Debug|Any CPU.ActiveCfg = Debug|Any CPU
		{27309C0F-2EB9-4374-A4A5-BF62D27E2C3E}.Debug|Any CPU.Build.0 = Debug|Any CPU
		{27309C0F-2EB9-4374-A4A5-BF62D27E2C3E}.Release|Any CPU.ActiveCfg = Release|Any CPU
		{27309C0F-2EB9-4374-A4A5-BF62D27E2C3E}.Release|Any CPU.Build.0 = Release|Any CPU
		{1B332259-A68D-4EA8-BFE2-254BD1E21FCF}.Debug|Any CPU.ActiveCfg = Debug|Any CPU
		{1B332259-A68D-4EA8-BFE2-254BD1E21FCF}.Debug|Any CPU.Build.0 = Debug|Any CPU
		{1B332259-A68D-4EA8-BFE2-254BD1E21FCF}.Release|Any CPU.ActiveCfg = Release|Any CPU
		{1B332259-A68D-4EA8-BFE2-254BD1E21FCF}.Release|Any CPU.Build.0 = Release|Any CPU
		{5C013049-3935-4D34-BD74-75D2D7FADF86}.Debug|Any CPU.ActiveCfg = Debug|Any CPU
		{5C013049-3935-4D34-BD74-75D2D7FADF86}.Debug|Any CPU.Build.0 = Debug|Any CPU
		{5C013049-3935-4D34-BD74-75D2D7FADF86}.Release|Any CPU.ActiveCfg = Release|Any CPU
		{5C013049-3935-4D34-BD74-75D2D7FADF86}.Release|Any CPU.Build.0 = Release|Any CPU
		{CFA6A67A-05F0-4D99-A9AA-A7ABB711D883}.Debug|Any CPU.ActiveCfg = Debug|Any CPU
		{CFA6A67A-05F0-4D99-A9AA-A7ABB711D883}.Debug|Any CPU.Build.0 = Debug|Any CPU
		{CFA6A67A-05F0-4D99-A9AA-A7ABB711D883}.Release|Any CPU.ActiveCfg = Release|Any CPU
		{CFA6A67A-05F0-4D99-A9AA-A7ABB711D883}.Release|Any CPU.Build.0 = Release|Any CPU
		{0B50DB44-63C6-46E9-95A5-7C3FBD99747B}.Debug|Any CPU.ActiveCfg = Debug|Any CPU
		{0B50DB44-63C6-46E9-95A5-7C3FBD99747B}.Debug|Any CPU.Build.0 = Debug|Any CPU
		{0B50DB44-63C6-46E9-95A5-7C3FBD99747B}.Release|Any CPU.ActiveCfg = Release|Any CPU
		{0B50DB44-63C6-46E9-95A5-7C3FBD99747B}.Release|Any CPU.Build.0 = Release|Any CPU
		{C5EA9144-3943-44E0-B30F-E73DBD97735C}.Debug|Any CPU.ActiveCfg = Debug|Any CPU
		{C5EA9144-3943-44E0-B30F-E73DBD97735C}.Debug|Any CPU.Build.0 = Debug|Any CPU
		{C5EA9144-3943-44E0-B30F-E73DBD97735C}.Release|Any CPU.ActiveCfg = Release|Any CPU
		{C5EA9144-3943-44E0-B30F-E73DBD97735C}.Release|Any CPU.Build.0 = Release|Any CPU
		{5BC7382E-D921-4A9F-A825-0257BCCA1A60}.Debug|Any CPU.ActiveCfg = Debug|Any CPU
		{5BC7382E-D921-4A9F-A825-0257BCCA1A60}.Debug|Any CPU.Build.0 = Debug|Any CPU
		{5BC7382E-D921-4A9F-A825-0257BCCA1A60}.Release|Any CPU.ActiveCfg = Release|Any CPU
		{5BC7382E-D921-4A9F-A825-0257BCCA1A60}.Release|Any CPU.Build.0 = Release|Any CPU
		{6B8808EF-3FB1-40C5-BF5B-4247602CAFEF}.Debug|Any CPU.ActiveCfg = Debug|Any CPU
		{6B8808EF-3FB1-40C5-BF5B-4247602CAFEF}.Debug|Any CPU.Build.0 = Debug|Any CPU
		{6B8808EF-3FB1-40C5-BF5B-4247602CAFEF}.Release|Any CPU.ActiveCfg = Release|Any CPU
		{6B8808EF-3FB1-40C5-BF5B-4247602CAFEF}.Release|Any CPU.Build.0 = Release|Any CPU
		{EBAA0359-7687-4C90-BB3F-357B41123A97}.Debug|Any CPU.ActiveCfg = Debug|Any CPU
		{EBAA0359-7687-4C90-BB3F-357B41123A97}.Debug|Any CPU.Build.0 = Debug|Any CPU
		{EBAA0359-7687-4C90-BB3F-357B41123A97}.Release|Any CPU.ActiveCfg = Release|Any CPU
		{EBAA0359-7687-4C90-BB3F-357B41123A97}.Release|Any CPU.Build.0 = Release|Any CPU
		{93CBAADE-B2B4-4EF0-A264-94E55D68E023}.Debug|Any CPU.ActiveCfg = Debug|Any CPU
		{93CBAADE-B2B4-4EF0-A264-94E55D68E023}.Debug|Any CPU.Build.0 = Debug|Any CPU
		{93CBAADE-B2B4-4EF0-A264-94E55D68E023}.Release|Any CPU.ActiveCfg = Release|Any CPU
		{93CBAADE-B2B4-4EF0-A264-94E55D68E023}.Release|Any CPU.Build.0 = Release|Any CPU
	EndGlobalSection
	GlobalSection(SolutionProperties) = preSolution
		HideSolutionNode = FALSE
	EndGlobalSection
	GlobalSection(ExtensibilityGlobals) = postSolution
		SolutionGuid = {33BBF752-B731-4DA3-B9B3-C794632155A6}
	EndGlobalSection
EndGlobal
