
Microsoft Visual Studio Solution File, Format Version 12.00
# Visual Studio Version 17
VisualStudioVersion = 17.3.32929.385
MinimumVisualStudioVersion = 10.0.40219.1
Project("{FAE04EC0-301F-11D3-BF4B-00C04F79EFBC}") = "01.TheBiscuitFactory", "01.TheBiscuitFactory\01.TheBiscuitFactory.csproj", "{3385122A-31C2-460C-8A61-B863C7010F0E}"
EndProject
Project("{FAE04EC0-301F-11D3-BF4B-00C04F79EFBC}") = "02.CoffeeLover", "02.CoffeeLover\02.CoffeeLover.csproj", "{C3B1080F-9A9B-4B74-A6DE-9E7F018EBC6B}"
EndProject
Project("{FAE04EC0-301F-11D3-BF4B-00C04F79EFBC}") = "03.DeckOfCards", "03.DeckOfCards\03.DeckOfCards.csproj", "{F87A581B-58F7-487E-8761-B79E64D489A7}"
EndProject
Global
	GlobalSection(SolutionConfigurationPlatforms) = preSolution
		Debug|Any CPU = Debug|Any CPU
		Release|Any CPU = Release|Any CPU
	EndGlobalSection
	GlobalSection(ProjectConfigurationPlatforms) = postSolution
		{3385122A-31C2-460C-8A61-B863C7010F0E}.Debug|Any CPU.ActiveCfg = Debug|Any CPU
		{3385122A-31C2-460C-8A61-B863C7010F0E}.Debug|Any CPU.Build.0 = Debug|Any CPU
		{3385122A-31C2-460C-8A61-B863C7010F0E}.Release|Any CPU.ActiveCfg = Release|Any CPU
		{3385122A-31C2-460C-8A61-B863C7010F0E}.Release|Any CPU.Build.0 = Release|Any CPU
		{C3B1080F-9A9B-4B74-A6DE-9E7F018EBC6B}.Debug|Any CPU.ActiveCfg = Debug|Any CPU
		{C3B1080F-9A9B-4B74-A6DE-9E7F018EBC6B}.Debug|Any CPU.Build.0 = Debug|Any CPU
		{C3B1080F-9A9B-4B74-A6DE-9E7F018EBC6B}.Release|Any CPU.ActiveCfg = Release|Any CPU
		{C3B1080F-9A9B-4B74-A6DE-9E7F018EBC6B}.Release|Any CPU.Build.0 = Release|Any CPU
		{F87A581B-58F7-487E-8761-B79E64D489A7}.Debug|Any CPU.ActiveCfg = Debug|Any CPU
		{F87A581B-58F7-487E-8761-B79E64D489A7}.Debug|Any CPU.Build.0 = Debug|Any CPU
		{F87A581B-58F7-487E-8761-B79E64D489A7}.Release|Any CPU.ActiveCfg = Release|Any CPU
		{F87A581B-58F7-487E-8761-B79E64D489A7}.Release|Any CPU.Build.0 = Release|Any CPU
	EndGlobalSection
	GlobalSection(SolutionProperties) = preSolution
		HideSolutionNode = FALSE
	EndGlobalSection
	GlobalSection(ExtensibilityGlobals) = postSolution
		SolutionGuid = {20050BCC-9EA8-4899-9059-0EF74E6CBB4D}
	EndGlobalSection
EndGlobal
