
Microsoft Visual Studio Solution File, Format Version 12.00
# Visual Studio Version 17
VisualStudioVersion = 17.3.32922.545
MinimumVisualStudioVersion = 10.0.40219.1
Project("{FAE04EC0-301F-11D3-BF4B-00C04F79EFBC}") = "01.Train", "01.Train\01.Train.csproj", "{CF297113-25D4-4AC4-B68D-0BC3E91AFCAE}"
EndProject
Project("{FAE04EC0-301F-11D3-BF4B-00C04F79EFBC}") = "02.ChangeList", "02.ChangeList\02.ChangeList.csproj", "{C9176F75-4EC9-4BE6-A2BC-CFEE60E5DC58}"
EndProject
Project("{FAE04EC0-301F-11D3-BF4B-00C04F79EFBC}") = "03.HouseParty", "03.HouseParty\03.HouseParty.csproj", "{3B6D7667-ED4E-4967-8480-87138F02C1CA}"
EndProject
Project("{FAE04EC0-301F-11D3-BF4B-00C04F79EFBC}") = "04.ListOperations", "04.ListOperations\04.ListOperations.csproj", "{CD4478BA-72D7-4A9F-9201-B910569108A7}"
EndProject
Project("{FAE04EC0-301F-11D3-BF4B-00C04F79EFBC}") = "05.BombNumbers", "05.BombNumbers\05.BombNumbers.csproj", "{D403454B-EEA7-4307-8A77-F987E1227398}"
EndProject
Project("{FAE04EC0-301F-11D3-BF4B-00C04F79EFBC}") = "06.CardsGame", "06.CardsGame\06.CardsGame.csproj", "{B5219ED1-4C9D-4703-B0C9-C6D87A970571}"
EndProject
Global
	GlobalSection(SolutionConfigurationPlatforms) = preSolution
		Debug|Any CPU = Debug|Any CPU
		Release|Any CPU = Release|Any CPU
	EndGlobalSection
	GlobalSection(ProjectConfigurationPlatforms) = postSolution
		{CF297113-25D4-4AC4-B68D-0BC3E91AFCAE}.Debug|Any CPU.ActiveCfg = Debug|Any CPU
		{CF297113-25D4-4AC4-B68D-0BC3E91AFCAE}.Debug|Any CPU.Build.0 = Debug|Any CPU
		{CF297113-25D4-4AC4-B68D-0BC3E91AFCAE}.Release|Any CPU.ActiveCfg = Release|Any CPU
		{CF297113-25D4-4AC4-B68D-0BC3E91AFCAE}.Release|Any CPU.Build.0 = Release|Any CPU
		{C9176F75-4EC9-4BE6-A2BC-CFEE60E5DC58}.Debug|Any CPU.ActiveCfg = Debug|Any CPU
		{C9176F75-4EC9-4BE6-A2BC-CFEE60E5DC58}.Debug|Any CPU.Build.0 = Debug|Any CPU
		{C9176F75-4EC9-4BE6-A2BC-CFEE60E5DC58}.Release|Any CPU.ActiveCfg = Release|Any CPU
		{C9176F75-4EC9-4BE6-A2BC-CFEE60E5DC58}.Release|Any CPU.Build.0 = Release|Any CPU
		{3B6D7667-ED4E-4967-8480-87138F02C1CA}.Debug|Any CPU.ActiveCfg = Debug|Any CPU
		{3B6D7667-ED4E-4967-8480-87138F02C1CA}.Debug|Any CPU.Build.0 = Debug|Any CPU
		{3B6D7667-ED4E-4967-8480-87138F02C1CA}.Release|Any CPU.ActiveCfg = Release|Any CPU
		{3B6D7667-ED4E-4967-8480-87138F02C1CA}.Release|Any CPU.Build.0 = Release|Any CPU
		{CD4478BA-72D7-4A9F-9201-B910569108A7}.Debug|Any CPU.ActiveCfg = Debug|Any CPU
		{CD4478BA-72D7-4A9F-9201-B910569108A7}.Debug|Any CPU.Build.0 = Debug|Any CPU
		{CD4478BA-72D7-4A9F-9201-B910569108A7}.Release|Any CPU.ActiveCfg = Release|Any CPU
		{CD4478BA-72D7-4A9F-9201-B910569108A7}.Release|Any CPU.Build.0 = Release|Any CPU
		{D403454B-EEA7-4307-8A77-F987E1227398}.Debug|Any CPU.ActiveCfg = Debug|Any CPU
		{D403454B-EEA7-4307-8A77-F987E1227398}.Debug|Any CPU.Build.0 = Debug|Any CPU
		{D403454B-EEA7-4307-8A77-F987E1227398}.Release|Any CPU.ActiveCfg = Release|Any CPU
		{D403454B-EEA7-4307-8A77-F987E1227398}.Release|Any CPU.Build.0 = Release|Any CPU
		{B5219ED1-4C9D-4703-B0C9-C6D87A970571}.Debug|Any CPU.ActiveCfg = Debug|Any CPU
		{B5219ED1-4C9D-4703-B0C9-C6D87A970571}.Debug|Any CPU.Build.0 = Debug|Any CPU
		{B5219ED1-4C9D-4703-B0C9-C6D87A970571}.Release|Any CPU.ActiveCfg = Release|Any CPU
		{B5219ED1-4C9D-4703-B0C9-C6D87A970571}.Release|Any CPU.Build.0 = Release|Any CPU
	EndGlobalSection
	GlobalSection(SolutionProperties) = preSolution
		HideSolutionNode = FALSE
	EndGlobalSection
	GlobalSection(ExtensibilityGlobals) = postSolution
		SolutionGuid = {CA87D418-CEFB-43A5-ABBA-ACA14F60690C}
	EndGlobalSection
EndGlobal
